
Microsoft Visual Studio Solution File, Format Version 12.00
# Visual Studio Version 17
VisualStudioVersion = 17.8.34408.163
MinimumVisualStudioVersion = 10.0.40219.1
Project("{8BC9CEB8-8B4A-11D0-8D11-00A0C91BC942}") = "Tuto", "Tuto\Tuto.vcxproj", "{90739DA6-0393-41B4-8D21-B9EB539961D9}"
EndProject
Project("{8BC9CEB8-8B4A-11D0-8D11-00A0C91BC942}") = "Morpion", "Morpion\Morpion.vcxproj", "{2A6370A1-916D-44CE-9BD9-5A30CE723E11}"
EndProject
Project("{8BC9CEB8-8B4A-11D0-8D11-00A0C91BC942}") = "Puissance4", "Puissance4\Puissance4.vcxproj", "{1E09BDE0-B3FB-4050-A38D-51E54DC39121}"
EndProject
Project("{8BC9CEB8-8B4A-11D0-8D11-00A0C91BC942}") = "Question", "Question\Question.vcxproj", "{43A6B706-DC1D-4B1F-9E05-FFCCCDB71A42}"
EndProject
Project("{FAE04EC0-301F-11D3-BF4B-00C04F79EFBC}") = "Puissance4C#", "Puissance4C#\Puissance4C#.csproj", "{9A69423C-F3F1-4031-9435-B7D86E1666A0}"
EndProject
Project("{FAE04EC0-301F-11D3-BF4B-00C04F79EFBC}") = "MorpionC#", "MorpionC#\MorpionC#.csproj", "{ACC2FAD8-48E3-4ABA-AF62-F31018A769AF}"
EndProject
Global
	GlobalSection(SolutionConfigurationPlatforms) = preSolution
		Debug|Any CPU = Debug|Any CPU
		Debug|x64 = Debug|x64
		Debug|x86 = Debug|x86
		Release|Any CPU = Release|Any CPU
		Release|x64 = Release|x64
		Release|x86 = Release|x86
	EndGlobalSection
	GlobalSection(ProjectConfigurationPlatforms) = postSolution
		{90739DA6-0393-41B4-8D21-B9EB539961D9}.Debug|Any CPU.ActiveCfg = Debug|x64
		{90739DA6-0393-41B4-8D21-B9EB539961D9}.Debug|Any CPU.Build.0 = Debug|x64
		{90739DA6-0393-41B4-8D21-B9EB539961D9}.Debug|x64.ActiveCfg = Debug|x64
		{90739DA6-0393-41B4-8D21-B9EB539961D9}.Debug|x64.Build.0 = Debug|x64
		{90739DA6-0393-41B4-8D21-B9EB539961D9}.Debug|x86.ActiveCfg = Debug|Win32
		{90739DA6-0393-41B4-8D21-B9EB539961D9}.Debug|x86.Build.0 = Debug|Win32
		{90739DA6-0393-41B4-8D21-B9EB539961D9}.Release|Any CPU.ActiveCfg = Release|x64
		{90739DA6-0393-41B4-8D21-B9EB539961D9}.Release|Any CPU.Build.0 = Release|x64
		{90739DA6-0393-41B4-8D21-B9EB539961D9}.Release|x64.ActiveCfg = Release|x64
		{90739DA6-0393-41B4-8D21-B9EB539961D9}.Release|x64.Build.0 = Release|x64
		{90739DA6-0393-41B4-8D21-B9EB539961D9}.Release|x86.ActiveCfg = Release|Win32
		{90739DA6-0393-41B4-8D21-B9EB539961D9}.Release|x86.Build.0 = Release|Win32
		{2A6370A1-916D-44CE-9BD9-5A30CE723E11}.Debug|Any CPU.ActiveCfg = Debug|x64
		{2A6370A1-916D-44CE-9BD9-5A30CE723E11}.Debug|Any CPU.Build.0 = Debug|x64
		{2A6370A1-916D-44CE-9BD9-5A30CE723E11}.Debug|x64.ActiveCfg = Debug|x64
		{2A6370A1-916D-44CE-9BD9-5A30CE723E11}.Debug|x64.Build.0 = Debug|x64
		{2A6370A1-916D-44CE-9BD9-5A30CE723E11}.Debug|x86.ActiveCfg = Debug|Win32
		{2A6370A1-916D-44CE-9BD9-5A30CE723E11}.Debug|x86.Build.0 = Debug|Win32
		{2A6370A1-916D-44CE-9BD9-5A30CE723E11}.Release|Any CPU.ActiveCfg = Release|x64
		{2A6370A1-916D-44CE-9BD9-5A30CE723E11}.Release|Any CPU.Build.0 = Release|x64
		{2A6370A1-916D-44CE-9BD9-5A30CE723E11}.Release|x64.ActiveCfg = Release|x64
		{2A6370A1-916D-44CE-9BD9-5A30CE723E11}.Release|x64.Build.0 = Release|x64
		{2A6370A1-916D-44CE-9BD9-5A30CE723E11}.Release|x86.ActiveCfg = Release|Win32
		{2A6370A1-916D-44CE-9BD9-5A30CE723E11}.Release|x86.Build.0 = Release|Win32
		{1E09BDE0-B3FB-4050-A38D-51E54DC39121}.Debug|Any CPU.ActiveCfg = Debug|x64
		{1E09BDE0-B3FB-4050-A38D-51E54DC39121}.Debug|Any CPU.Build.0 = Debug|x64
		{1E09BDE0-B3FB-4050-A38D-51E54DC39121}.Debug|x64.ActiveCfg = Debug|x64
		{1E09BDE0-B3FB-4050-A38D-51E54DC39121}.Debug|x64.Build.0 = Debug|x64
		{1E09BDE0-B3FB-4050-A38D-51E54DC39121}.Debug|x86.ActiveCfg = Debug|Win32
		{1E09BDE0-B3FB-4050-A38D-51E54DC39121}.Debug|x86.Build.0 = Debug|Win32
		{1E09BDE0-B3FB-4050-A38D-51E54DC39121}.Release|Any CPU.ActiveCfg = Release|x64
		{1E09BDE0-B3FB-4050-A38D-51E54DC39121}.Release|Any CPU.Build.0 = Release|x64
		{1E09BDE0-B3FB-4050-A38D-51E54DC39121}.Release|x64.ActiveCfg = Release|x64
		{1E09BDE0-B3FB-4050-A38D-51E54DC39121}.Release|x64.Build.0 = Release|x64
		{1E09BDE0-B3FB-4050-A38D-51E54DC39121}.Release|x86.ActiveCfg = Release|Win32
		{1E09BDE0-B3FB-4050-A38D-51E54DC39121}.Release|x86.Build.0 = Release|Win32
		{43A6B706-DC1D-4B1F-9E05-FFCCCDB71A42}.Debug|Any CPU.ActiveCfg = Debug|x64
		{43A6B706-DC1D-4B1F-9E05-FFCCCDB71A42}.Debug|Any CPU.Build.0 = Debug|x64
		{43A6B706-DC1D-4B1F-9E05-FFCCCDB71A42}.Debug|x64.ActiveCfg = Debug|x64
		{43A6B706-DC1D-4B1F-9E05-FFCCCDB71A42}.Debug|x64.Build.0 = Debug|x64
		{43A6B706-DC1D-4B1F-9E05-FFCCCDB71A42}.Debug|x86.ActiveCfg = Debug|Win32
		{43A6B706-DC1D-4B1F-9E05-FFCCCDB71A42}.Debug|x86.Build.0 = Debug|Win32
		{43A6B706-DC1D-4B1F-9E05-FFCCCDB71A42}.Release|Any CPU.ActiveCfg = Release|x64
		{43A6B706-DC1D-4B1F-9E05-FFCCCDB71A42}.Release|Any CPU.Build.0 = Release|x64
		{43A6B706-DC1D-4B1F-9E05-FFCCCDB71A42}.Release|x64.ActiveCfg = Release|x64
		{43A6B706-DC1D-4B1F-9E05-FFCCCDB71A42}.Release|x64.Build.0 = Release|x64
		{43A6B706-DC1D-4B1F-9E05-FFCCCDB71A42}.Release|x86.ActiveCfg = Release|Win32
		{43A6B706-DC1D-4B1F-9E05-FFCCCDB71A42}.Release|x86.Build.0 = Release|Win32
		{9A69423C-F3F1-4031-9435-B7D86E1666A0}.Debug|Any CPU.ActiveCfg = Debug|Any CPU
		{9A69423C-F3F1-4031-9435-B7D86E1666A0}.Debug|Any CPU.Build.0 = Debug|Any CPU
		{9A69423C-F3F1-4031-9435-B7D86E1666A0}.Debug|x64.ActiveCfg = Debug|Any CPU
		{9A69423C-F3F1-4031-9435-B7D86E1666A0}.Debug|x64.Build.0 = Debug|Any CPU
		{9A69423C-F3F1-4031-9435-B7D86E1666A0}.Debug|x86.ActiveCfg = Debug|Any CPU
		{9A69423C-F3F1-4031-9435-B7D86E1666A0}.Debug|x86.Build.0 = Debug|Any CPU
		{9A69423C-F3F1-4031-9435-B7D86E1666A0}.Release|Any CPU.ActiveCfg = Release|Any CPU
		{9A69423C-F3F1-4031-9435-B7D86E1666A0}.Release|Any CPU.Build.0 = Release|Any CPU
		{9A69423C-F3F1-4031-9435-B7D86E1666A0}.Release|x64.ActiveCfg = Release|Any CPU
		{9A69423C-F3F1-4031-9435-B7D86E1666A0}.Release|x64.Build.0 = Release|Any CPU
		{9A69423C-F3F1-4031-9435-B7D86E1666A0}.Release|x86.ActiveCfg = Release|Any CPU
		{9A69423C-F3F1-4031-9435-B7D86E1666A0}.Release|x86.Build.0 = Release|Any CPU
		{ACC2FAD8-48E3-4ABA-AF62-F31018A769AF}.Debug|Any CPU.ActiveCfg = Debug|Any CPU
		{ACC2FAD8-48E3-4ABA-AF62-F31018A769AF}.Debug|Any CPU.Build.0 = Debug|Any CPU
		{ACC2FAD8-48E3-4ABA-AF62-F31018A769AF}.Debug|x64.ActiveCfg = Debug|Any CPU
		{ACC2FAD8-48E3-4ABA-AF62-F31018A769AF}.Debug|x64.Build.0 = Debug|Any CPU
		{ACC2FAD8-48E3-4ABA-AF62-F31018A769AF}.Debug|x86.ActiveCfg = Debug|Any CPU
		{ACC2FAD8-48E3-4ABA-AF62-F31018A769AF}.Debug|x86.Build.0 = Debug|Any CPU
		{ACC2FAD8-48E3-4ABA-AF62-F31018A769AF}.Release|Any CPU.ActiveCfg = Release|Any CPU
		{ACC2FAD8-48E3-4ABA-AF62-F31018A769AF}.Release|Any CPU.Build.0 = Release|Any CPU
		{ACC2FAD8-48E3-4ABA-AF62-F31018A769AF}.Release|x64.ActiveCfg = Release|Any CPU
		{ACC2FAD8-48E3-4ABA-AF62-F31018A769AF}.Release|x64.Build.0 = Release|Any CPU
		{ACC2FAD8-48E3-4ABA-AF62-F31018A769AF}.Release|x86.ActiveCfg = Release|Any CPU
		{ACC2FAD8-48E3-4ABA-AF62-F31018A769AF}.Release|x86.Build.0 = Release|Any CPU
	EndGlobalSection
	GlobalSection(SolutionProperties) = preSolution
		HideSolutionNode = FALSE
	EndGlobalSection
	GlobalSection(ExtensibilityGlobals) = postSolution
		SolutionGuid = {C9E293BD-769C-4B07-82C3-91BD6A65DAF1}
	EndGlobalSection
EndGlobal
